
Microsoft Visual Studio Solution File, Format Version 12.00
# Visual Studio Version 16
VisualStudioVersion = 16.0.30621.155
MinimumVisualStudioVersion = 10.0.40219.1
Project("{00D1A9C2-B5F0-4AF3-8072-F6C62B433612}") = "SQL_SERVER_TEST_PROJ", "SQL_SERVER_TEST_PROJ\SQL_SERVER_TEST_PROJ.sqlproj", "{0EA6CF4F-ED7C-4218-A1C5-F340137B4C2B}"
EndProject
Global
	GlobalSection(SolutionConfigurationPlatforms) = preSolution
		Debug|Any CPU = Debug|Any CPU
		Release|Any CPU = Release|Any CPU
	EndGlobalSection
	GlobalSection(ProjectConfigurationPlatforms) = postSolution
		{0EA6CF4F-ED7C-4218-A1C5-F340137B4C2B}.Debug|Any CPU.ActiveCfg = Debug|Any CPU
		{0EA6CF4F-ED7C-4218-A1C5-F340137B4C2B}.Debug|Any CPU.Build.0 = Debug|Any CPU
		{0EA6CF4F-ED7C-4218-A1C5-F340137B4C2B}.Debug|Any CPU.Deploy.0 = Debug|Any CPU
		{0EA6CF4F-ED7C-4218-A1C5-F340137B4C2B}.Release|Any CPU.ActiveCfg = Release|Any CPU
		{0EA6CF4F-ED7C-4218-A1C5-F340137B4C2B}.Release|Any CPU.Build.0 = Release|Any CPU
		{0EA6CF4F-ED7C-4218-A1C5-F340137B4C2B}.Release|Any CPU.Deploy.0 = Release|Any CPU
	EndGlobalSection
	GlobalSection(SolutionProperties) = preSolution
		HideSolutionNode = FALSE
	EndGlobalSection
	GlobalSection(ExtensibilityGlobals) = postSolution
		SolutionGuid = {E7EE7DD3-97F7-4F15-81AD-CD9BDA15214F}
	EndGlobalSection
EndGlobal
